// !$*UTF8*$!
{
	archiveVersion = 1;
	classes = {
	};
	objectVersion = 46;
	objects = {

/* Begin PBXBuildFile section */
		0046207818E62B7000DAD16A /* Foundation.framework in Frameworks */ = {isa = PBXBuildFile; fileRef = 0046207718E62B7000DAD16A /* Foundation.framework */; };
		0046207A18E62B7000DAD16A /* CoreGraphics.framework in Frameworks */ = {isa = PBXBuildFile; fileRef = 0046207918E62B7000DAD16A /* CoreGraphics.framework */; };
		0046207C18E62B7000DAD16A /* UIKit.framework in Frameworks */ = {isa = PBXBuildFile; fileRef = 0046207B18E62B7000DAD16A /* UIKit.framework */; };
		0046207E18E62B7000DAD16A /* SpriteKit.framework in Frameworks */ = {isa = PBXBuildFile; fileRef = 0046207D18E62B7000DAD16A /* SpriteKit.framework */; };
		0046208418E62B7000DAD16A /* InfoPlist.strings in Resources */ = {isa = PBXBuildFile; fileRef = 0046208218E62B7000DAD16A /* InfoPlist.strings */; };
		0046208618E62B7000DAD16A /* main.m in Sources */ = {isa = PBXBuildFile; fileRef = 0046208518E62B7000DAD16A /* main.m */; };
		0046208A18E62B7000DAD16A /* AppDelegate.m in Sources */ = {isa = PBXBuildFile; fileRef = 0046208918E62B7000DAD16A /* AppDelegate.m */; };
		0046209018E62B7000DAD16A /* ViewController.m in Sources */ = {isa = PBXBuildFile; fileRef = 0046208F18E62B7000DAD16A /* ViewController.m */; };
		0046209318E62B7000DAD16A /* OriginalGameModeScene.m in Sources */ = {isa = PBXBuildFile; fileRef = 0046209218E62B7000DAD16A /* OriginalGameModeScene.m */; };
		0046209718E62B7000DAD16A /* Images.xcassets in Resources */ = {isa = PBXBuildFile; fileRef = 0046209618E62B7000DAD16A /* Images.xcassets */; };
		0046209E18E62B7100DAD16A /* XCTest.framework in Frameworks */ = {isa = PBXBuildFile; fileRef = 0046209D18E62B7100DAD16A /* XCTest.framework */; };
		0046209F18E62B7100DAD16A /* Foundation.framework in Frameworks */ = {isa = PBXBuildFile; fileRef = 0046207718E62B7000DAD16A /* Foundation.framework */; };
		004620A018E62B7100DAD16A /* UIKit.framework in Frameworks */ = {isa = PBXBuildFile; fileRef = 0046207B18E62B7000DAD16A /* UIKit.framework */; };
		004620A818E62B7100DAD16A /* InfoPlist.strings in Resources */ = {isa = PBXBuildFile; fileRef = 004620A618E62B7100DAD16A /* InfoPlist.strings */; };
		004620AA18E62B7100DAD16A /* RunningGameTests.m in Sources */ = {isa = PBXBuildFile; fileRef = 004620A918E62B7100DAD16A /* RunningGameTests.m */; };
		004620B418E62BA600DAD16A /* iAd.framework in Frameworks */ = {isa = PBXBuildFile; fileRef = 004620B318E62BA600DAD16A /* iAd.framework */; };
		004620B718E62FA400DAD16A /* SKColor+Colors.m in Sources */ = {isa = PBXBuildFile; fileRef = 004620B618E62FA400DAD16A /* SKColor+Colors.m */; };
		004620BA18E65AF600DAD16A /* MenuScene.m in Sources */ = {isa = PBXBuildFile; fileRef = 004620B918E65AF600DAD16A /* MenuScene.m */; };
		004620C018E7089300DAD16A /* CountDownNode.m in Sources */ = {isa = PBXBuildFile; fileRef = 004620BF18E7089300DAD16A /* CountDownNode.m */; };
		004C159418EB947E00B58DBA /* Main.storyboard in Resources */ = {isa = PBXBuildFile; fileRef = 004C159318EB947E00B58DBA /* Main.storyboard */; };
		004C159D18EB996900B58DBA /* beep.m4a in Resources */ = {isa = PBXBuildFile; fileRef = 004C159518EB96CB00B58DBA /* beep.m4a */; };
		004C159E18EB996C00B58DBA /* lose.m4a in Resources */ = {isa = PBXBuildFile; fileRef = 004C159618EB96CC00B58DBA /* lose.m4a */; };
		004C159F18EB996F00B58DBA /* tap.m4a in Resources */ = {isa = PBXBuildFile; fileRef = 004C159718EB96CC00B58DBA /* tap.m4a */; };
		004C15A018EB997200B58DBA /* win.m4a in Resources */ = {isa = PBXBuildFile; fileRef = 004C159818EB96CC00B58DBA /* win.m4a */; };
		004C15A318EBAF2F00B58DBA /* SettingsScene.m in Sources */ = {isa = PBXBuildFile; fileRef = 004C15A218EBAF2F00B58DBA /* SettingsScene.m */; };
		006C26C018E88263006EAAB6 /* NodeAdditions.m in Sources */ = {isa = PBXBuildFile; fileRef = 006C26BF18E88263006EAAB6 /* NodeAdditions.m */; };
		0070C92918F367710044E583 /* ScoreSelectionMenu.m in Sources */ = {isa = PBXBuildFile; fileRef = 0070C92818F367710044E583 /* ScoreSelectionMenu.m */; };
		0070C93018F413370044E583 /* FallingTileGameModeScene.m in Sources */ = {isa = PBXBuildFile; fileRef = 0070C92F18F413370044E583 /* FallingTileGameModeScene.m */; };
		0078E60218F980440087786D /* GameSceneBase.m in Sources */ = {isa = PBXBuildFile; fileRef = 0078E60118F980440087786D /* GameSceneBase.m */; };
		0078E60518F9BA260087786D /* NewGameOverScene.m in Sources */ = {isa = PBXBuildFile; fileRef = 0078E60418F9BA260087786D /* NewGameOverScene.m */; };
		0078E60E18FA32150087786D /* ScoresListNode.m in Sources */ = {isa = PBXBuildFile; fileRef = 0078E60D18FA32150087786D /* ScoresListNode.m */; };
		0078E61018FA37720087786D /* StoreKit.framework in Frameworks */ = {isa = PBXBuildFile; fileRef = 0078E60F18FA37720087786D /* StoreKit.framework */; };
		0078E61318FA393C0087786D /* MainSceneBaseClass.m in Sources */ = {isa = PBXBuildFile; fileRef = 0078E61218FA393C0087786D /* MainSceneBaseClass.m */; };
		009C8C2818F0E3530034A7BE /* Globals.m in Sources */ = {isa = PBXBuildFile; fileRef = 009C8C2718F0E3530034A7BE /* Globals.m */; };
		009C923118FB7464003D28FE /* Appirater.m in Sources */ = {isa = PBXBuildFile; fileRef = 009C922F18FB7464003D28FE /* Appirater.m */; };
		00B026DD18EB304B0058E591 /* SKButton.m in Sources */ = {isa = PBXBuildFile; fileRef = 00B026DC18EB304B0058E591 /* SKButton.m */; };
		00B026E218EB4A8C0058E591 /* DSMultilineLabelNode.m in Sources */ = {isa = PBXBuildFile; fileRef = 00B026E118EB4A8C0058E591 /* DSMultilineLabelNode.m */; };
		00BCE5DB18F2E670009F7816 /* ComicNeue-Light.ttf in Resources */ = {isa = PBXBuildFile; fileRef = 00BCE5DA18F2E670009F7816 /* ComicNeue-Light.ttf */; };
		00CEC67618EA47E7009B7CF1 /* TutorialOverlayNode.m in Sources */ = {isa = PBXBuildFile; fileRef = 00CEC67518EA47E7009B7CF1 /* TutorialOverlayNode.m */; };
		00DA8B5318F104F500C4A54D /* MKiCloudSync.m in Sources */ = {isa = PBXBuildFile; fileRef = 00DA8B5218F104F500C4A54D /* MKiCloudSync.m */; };
		00DA8B5618F10C0800C4A54D /* GameKit.framework in Frameworks */ = {isa = PBXBuildFile; fileRef = 00DA8B5518F10C0800C4A54D /* GameKit.framework */; };
/* End PBXBuildFile section */

/* Begin PBXContainerItemProxy section */
		004620A118E62B7100DAD16A /* PBXContainerItemProxy */ = {
			isa = PBXContainerItemProxy;
			containerPortal = 0046206C18E62B7000DAD16A /* Project object */;
			proxyType = 1;
			remoteGlobalIDString = 0046207318E62B7000DAD16A;
			remoteInfo = RunningGame;
		};
/* End PBXContainerItemProxy section */

/* Begin PBXFileReference section */
		0046207418E62B7000DAD16A /* TapTheColoredTile.app */ = {isa = PBXFileReference; explicitFileType = wrapper.application; includeInIndex = 0; path = TapTheColoredTile.app; sourceTree = BUILT_PRODUCTS_DIR; };
		0046207718E62B7000DAD16A /* Foundation.framework */ = {isa = PBXFileReference; lastKnownFileType = wrapper.framework; name = Foundation.framework; path = System/Library/Frameworks/Foundation.framework; sourceTree = SDKROOT; };
		0046207918E62B7000DAD16A /* CoreGraphics.framework */ = {isa = PBXFileReference; lastKnownFileType = wrapper.framework; name = CoreGraphics.framework; path = System/Library/Frameworks/CoreGraphics.framework; sourceTree = SDKROOT; };
		0046207B18E62B7000DAD16A /* UIKit.framework */ = {isa = PBXFileReference; lastKnownFileType = wrapper.framework; name = UIKit.framework; path = System/Library/Frameworks/UIKit.framework; sourceTree = SDKROOT; };
		0046207D18E62B7000DAD16A /* SpriteKit.framework */ = {isa = PBXFileReference; lastKnownFileType = wrapper.framework; name = SpriteKit.framework; path = System/Library/Frameworks/SpriteKit.framework; sourceTree = SDKROOT; };
		0046208118E62B7000DAD16A /* TapTheColoredTile-Info.plist */ = {isa = PBXFileReference; lastKnownFileType = text.plist.xml; path = "TapTheColoredTile-Info.plist"; sourceTree = "<group>"; };
		0046208318E62B7000DAD16A /* en */ = {isa = PBXFileReference; lastKnownFileType = text.plist.strings; name = en; path = en.lproj/InfoPlist.strings; sourceTree = "<group>"; };
		0046208518E62B7000DAD16A /* main.m */ = {isa = PBXFileReference; lastKnownFileType = sourcecode.c.objc; path = main.m; sourceTree = "<group>"; };
		0046208718E62B7000DAD16A /* TapTheColoredTile-Prefix.pch */ = {isa = PBXFileReference; lastKnownFileType = sourcecode.c.h; path = "TapTheColoredTile-Prefix.pch"; sourceTree = "<group>"; };
		0046208818E62B7000DAD16A /* AppDelegate.h */ = {isa = PBXFileReference; lastKnownFileType = sourcecode.c.h; path = AppDelegate.h; sourceTree = "<group>"; };
		0046208918E62B7000DAD16A /* AppDelegate.m */ = {isa = PBXFileReference; lastKnownFileType = sourcecode.c.objc; path = AppDelegate.m; sourceTree = "<group>"; };
		0046208E18E62B7000DAD16A /* ViewController.h */ = {isa = PBXFileReference; lastKnownFileType = sourcecode.c.h; path = ViewController.h; sourceTree = "<group>"; };
		0046208F18E62B7000DAD16A /* ViewController.m */ = {isa = PBXFileReference; lastKnownFileType = sourcecode.c.objc; path = ViewController.m; sourceTree = "<group>"; };
		0046209118E62B7000DAD16A /* OriginalGameModeScene.h */ = {isa = PBXFileReference; lastKnownFileType = sourcecode.c.h; path = OriginalGameModeScene.h; sourceTree = "<group>"; };
		0046209218E62B7000DAD16A /* OriginalGameModeScene.m */ = {isa = PBXFileReference; lastKnownFileType = sourcecode.c.objc; path = OriginalGameModeScene.m; sourceTree = "<group>"; };
		0046209618E62B7000DAD16A /* Images.xcassets */ = {isa = PBXFileReference; lastKnownFileType = folder.assetcatalog; path = Images.xcassets; sourceTree = "<group>"; };
		0046209C18E62B7100DAD16A /* TapTheColoredTileTests.xctest */ = {isa = PBXFileReference; explicitFileType = wrapper.cfbundle; includeInIndex = 0; path = TapTheColoredTileTests.xctest; sourceTree = BUILT_PRODUCTS_DIR; };
		0046209D18E62B7100DAD16A /* XCTest.framework */ = {isa = PBXFileReference; lastKnownFileType = wrapper.framework; name = XCTest.framework; path = Library/Frameworks/XCTest.framework; sourceTree = DEVELOPER_DIR; };
		004620A518E62B7100DAD16A /* TapTheColoredTileTests-Info.plist */ = {isa = PBXFileReference; lastKnownFileType = text.plist.xml; path = "TapTheColoredTileTests-Info.plist"; sourceTree = "<group>"; };
		004620A718E62B7100DAD16A /* en */ = {isa = PBXFileReference; lastKnownFileType = text.plist.strings; name = en; path = en.lproj/InfoPlist.strings; sourceTree = "<group>"; };
		004620A918E62B7100DAD16A /* RunningGameTests.m */ = {isa = PBXFileReference; lastKnownFileType = sourcecode.c.objc; path = RunningGameTests.m; sourceTree = "<group>"; };
		004620B318E62BA600DAD16A /* iAd.framework */ = {isa = PBXFileReference; lastKnownFileType = wrapper.framework; name = iAd.framework; path = System/Library/Frameworks/iAd.framework; sourceTree = SDKROOT; };
		004620B518E62FA400DAD16A /* SKColor+Colors.h */ = {isa = PBXFileReference; fileEncoding = 4; lastKnownFileType = sourcecode.c.h; path = "SKColor+Colors.h"; sourceTree = "<group>"; };
		004620B618E62FA400DAD16A /* SKColor+Colors.m */ = {isa = PBXFileReference; fileEncoding = 4; lastKnownFileType = sourcecode.c.objc; path = "SKColor+Colors.m"; sourceTree = "<group>"; };
		004620B818E65AF600DAD16A /* MenuScene.h */ = {isa = PBXFileReference; fileEncoding = 4; lastKnownFileType = sourcecode.c.h; path = MenuScene.h; sourceTree = "<group>"; };
		004620B918E65AF600DAD16A /* MenuScene.m */ = {isa = PBXFileReference; fileEncoding = 4; lastKnownFileType = sourcecode.c.objc; path = MenuScene.m; sourceTree = "<group>"; };
		004620BE18E7089300DAD16A /* CountDownNode.h */ = {isa = PBXFileReference; fileEncoding = 4; lastKnownFileType = sourcecode.c.h; path = CountDownNode.h; sourceTree = "<group>"; };
		004620BF18E7089300DAD16A /* CountDownNode.m */ = {isa = PBXFileReference; fileEncoding = 4; lastKnownFileType = sourcecode.c.objc; path = CountDownNode.m; sourceTree = "<group>"; };
		004C159318EB947E00B58DBA /* Main.storyboard */ = {isa = PBXFileReference; fileEncoding = 4; lastKnownFileType = file.storyboard; path = Main.storyboard; sourceTree = "<group>"; };
		004C159518EB96CB00B58DBA /* beep.m4a */ = {isa = PBXFileReference; lastKnownFileType = file; path = beep.m4a; sourceTree = "<group>"; };
		004C159618EB96CC00B58DBA /* lose.m4a */ = {isa = PBXFileReference; lastKnownFileType = file; path = lose.m4a; sourceTree = "<group>"; };
		004C159718EB96CC00B58DBA /* tap.m4a */ = {isa = PBXFileReference; lastKnownFileType = file; path = tap.m4a; sourceTree = "<group>"; };
		004C159818EB96CC00B58DBA /* win.m4a */ = {isa = PBXFileReference; lastKnownFileType = file; path = win.m4a; sourceTree = "<group>"; };
		004C15A118EBAF2F00B58DBA /* SettingsScene.h */ = {isa = PBXFileReference; fileEncoding = 4; lastKnownFileType = sourcecode.c.h; path = SettingsScene.h; sourceTree = "<group>"; };
		004C15A218EBAF2F00B58DBA /* SettingsScene.m */ = {isa = PBXFileReference; fileEncoding = 4; lastKnownFileType = sourcecode.c.objc; path = SettingsScene.m; sourceTree = "<group>"; };
		006C26BE18E88263006EAAB6 /* NodeAdditions.h */ = {isa = PBXFileReference; fileEncoding = 4; lastKnownFileType = sourcecode.c.h; path = NodeAdditions.h; sourceTree = "<group>"; };
		006C26BF18E88263006EAAB6 /* NodeAdditions.m */ = {isa = PBXFileReference; fileEncoding = 4; lastKnownFileType = sourcecode.c.objc; path = NodeAdditions.m; sourceTree = "<group>"; };
		0070C92718F367710044E583 /* ScoreSelectionMenu.h */ = {isa = PBXFileReference; fileEncoding = 4; lastKnownFileType = sourcecode.c.h; path = ScoreSelectionMenu.h; sourceTree = "<group>"; };
		0070C92818F367710044E583 /* ScoreSelectionMenu.m */ = {isa = PBXFileReference; fileEncoding = 4; lastKnownFileType = sourcecode.c.objc; path = ScoreSelectionMenu.m; sourceTree = "<group>"; };
		0070C92E18F413370044E583 /* FallingTileGameModeScene.h */ = {isa = PBXFileReference; fileEncoding = 4; lastKnownFileType = sourcecode.c.h; path = FallingTileGameModeScene.h; sourceTree = "<group>"; };
		0070C92F18F413370044E583 /* FallingTileGameModeScene.m */ = {isa = PBXFileReference; fileEncoding = 4; lastKnownFileType = sourcecode.c.objc; path = FallingTileGameModeScene.m; sourceTree = "<group>"; };
		0078E60018F980440087786D /* GameSceneBase.h */ = {isa = PBXFileReference; fileEncoding = 4; lastKnownFileType = sourcecode.c.h; path = GameSceneBase.h; sourceTree = "<group>"; };
		0078E60118F980440087786D /* GameSceneBase.m */ = {isa = PBXFileReference; fileEncoding = 4; lastKnownFileType = sourcecode.c.objc; path = GameSceneBase.m; sourceTree = "<group>"; };
		0078E60318F9BA260087786D /* NewGameOverScene.h */ = {isa = PBXFileReference; fileEncoding = 4; lastKnownFileType = sourcecode.c.h; path = NewGameOverScene.h; sourceTree = "<group>"; };
		0078E60418F9BA260087786D /* NewGameOverScene.m */ = {isa = PBXFileReference; fileEncoding = 4; lastKnownFileType = sourcecode.c.objc; path = NewGameOverScene.m; sourceTree = "<group>"; };
		0078E60C18FA32150087786D /* ScoresListNode.h */ = {isa = PBXFileReference; fileEncoding = 4; lastKnownFileType = sourcecode.c.h; path = ScoresListNode.h; sourceTree = "<group>"; };
		0078E60D18FA32150087786D /* ScoresListNode.m */ = {isa = PBXFileReference; fileEncoding = 4; lastKnownFileType = sourcecode.c.objc; path = ScoresListNode.m; sourceTree = "<group>"; };
		0078E60F18FA37720087786D /* StoreKit.framework */ = {isa = PBXFileReference; lastKnownFileType = wrapper.framework; name = StoreKit.framework; path = System/Library/Frameworks/StoreKit.framework; sourceTree = SDKROOT; };
		0078E61118FA393C0087786D /* MainSceneBaseClass.h */ = {isa = PBXFileReference; fileEncoding = 4; lastKnownFileType = sourcecode.c.h; path = MainSceneBaseClass.h; sourceTree = "<group>"; };
		0078E61218FA393C0087786D /* MainSceneBaseClass.m */ = {isa = PBXFileReference; fileEncoding = 4; lastKnownFileType = sourcecode.c.objc; path = MainSceneBaseClass.m; sourceTree = "<group>"; };
		009C8C2618F0E3530034A7BE /* Globals.h */ = {isa = PBXFileReference; fileEncoding = 4; lastKnownFileType = sourcecode.c.h; path = Globals.h; sourceTree = "<group>"; };
		009C8C2718F0E3530034A7BE /* Globals.m */ = {isa = PBXFileReference; fileEncoding = 4; lastKnownFileType = sourcecode.c.objc; path = Globals.m; sourceTree = "<group>"; };
		009C922E18FB7464003D28FE /* Appirater.h */ = {isa = PBXFileReference; fileEncoding = 4; lastKnownFileType = sourcecode.c.h; path = Appirater.h; sourceTree = "<group>"; };
		009C922F18FB7464003D28FE /* Appirater.m */ = {isa = PBXFileReference; fileEncoding = 4; lastKnownFileType = sourcecode.c.objc; path = Appirater.m; sourceTree = "<group>"; };
		009C923018FB7464003D28FE /* AppiraterDelegate.h */ = {isa = PBXFileReference; fileEncoding = 4; lastKnownFileType = sourcecode.c.h; path = AppiraterDelegate.h; sourceTree = "<group>"; };
		00B026DB18EB304B0058E591 /* SKButton.h */ = {isa = PBXFileReference; fileEncoding = 4; lastKnownFileType = sourcecode.c.h; path = SKButton.h; sourceTree = "<group>"; };
		00B026DC18EB304B0058E591 /* SKButton.m */ = {isa = PBXFileReference; fileEncoding = 4; lastKnownFileType = sourcecode.c.objc; path = SKButton.m; sourceTree = "<group>"; };
		00B026E018EB4A8C0058E591 /* DSMultilineLabelNode.h */ = {isa = PBXFileReference; fileEncoding = 4; lastKnownFileType = sourcecode.c.h; path = DSMultilineLabelNode.h; sourceTree = "<group>"; };
		00B026E118EB4A8C0058E591 /* DSMultilineLabelNode.m */ = {isa = PBXFileReference; fileEncoding = 4; lastKnownFileType = sourcecode.c.objc; path = DSMultilineLabelNode.m; sourceTree = "<group>"; };
		00BCE5DA18F2E670009F7816 /* ComicNeue-Light.ttf */ = {isa = PBXFileReference; lastKnownFileType = file; path = "ComicNeue-Light.ttf"; sourceTree = "<group>"; };
		00CEC67418EA47E7009B7CF1 /* TutorialOverlayNode.h */ = {isa = PBXFileReference; fileEncoding = 4; lastKnownFileType = sourcecode.c.h; path = TutorialOverlayNode.h; sourceTree = "<group>"; };
		00CEC67518EA47E7009B7CF1 /* TutorialOverlayNode.m */ = {isa = PBXFileReference; fileEncoding = 4; lastKnownFileType = sourcecode.c.objc; path = TutorialOverlayNode.m; sourceTree = "<group>"; };
		00DA8B5118F104F500C4A54D /* MKiCloudSync.h */ = {isa = PBXFileReference; fileEncoding = 4; lastKnownFileType = sourcecode.c.h; path = MKiCloudSync.h; sourceTree = "<group>"; };
		00DA8B5218F104F500C4A54D /* MKiCloudSync.m */ = {isa = PBXFileReference; fileEncoding = 4; lastKnownFileType = sourcecode.c.objc; path = MKiCloudSync.m; sourceTree = "<group>"; };
		00DA8B5518F10C0800C4A54D /* GameKit.framework */ = {isa = PBXFileReference; lastKnownFileType = wrapper.framework; name = GameKit.framework; path = System/Library/Frameworks/GameKit.framework; sourceTree = SDKROOT; };
		00DA8B5718F10C1600C4A54D /* TapTheColoredTile.entitlements */ = {isa = PBXFileReference; lastKnownFileType = text.xml; path = TapTheColoredTile.entitlements; sourceTree = SOURCE_ROOT; };
/* End PBXFileReference section */

/* Begin PBXFrameworksBuildPhase section */
		0046207118E62B7000DAD16A /* Frameworks */ = {
			isa = PBXFrameworksBuildPhase;
			buildActionMask = 2147483647;
			files = (
				0078E61018FA37720087786D /* StoreKit.framework in Frameworks */,
				004620B418E62BA600DAD16A /* iAd.framework in Frameworks */,
				0046207A18E62B7000DAD16A /* CoreGraphics.framework in Frameworks */,
				0046207C18E62B7000DAD16A /* UIKit.framework in Frameworks */,
				00DA8B5618F10C0800C4A54D /* GameKit.framework in Frameworks */,
				0046207E18E62B7000DAD16A /* SpriteKit.framework in Frameworks */,
				0046207818E62B7000DAD16A /* Foundation.framework in Frameworks */,
			);
			runOnlyForDeploymentPostprocessing = 0;
		};
		0046209918E62B7100DAD16A /* Frameworks */ = {
			isa = PBXFrameworksBuildPhase;
			buildActionMask = 2147483647;
			files = (
				0046209E18E62B7100DAD16A /* XCTest.framework in Frameworks */,
				004620A018E62B7100DAD16A /* UIKit.framework in Frameworks */,
				0046209F18E62B7100DAD16A /* Foundation.framework in Frameworks */,
			);
			runOnlyForDeploymentPostprocessing = 0;
		};
/* End PBXFrameworksBuildPhase section */

/* Begin PBXGroup section */
		0046206B18E62B7000DAD16A = {
			isa = PBXGroup;
			children = (
				0046207F18E62B7000DAD16A /* TapTheColoredTile */,
				004620A318E62B7100DAD16A /* RunningGameTests */,
				0046207618E62B7000DAD16A /* Frameworks */,
				0046207518E62B7000DAD16A /* Products */,
			);
			sourceTree = "<group>";
		};
		0046207518E62B7000DAD16A /* Products */ = {
			isa = PBXGroup;
			children = (
				0046207418E62B7000DAD16A /* TapTheColoredTile.app */,
				0046209C18E62B7100DAD16A /* TapTheColoredTileTests.xctest */,
			);
			name = Products;
			sourceTree = "<group>";
		};
		0046207618E62B7000DAD16A /* Frameworks */ = {
			isa = PBXGroup;
			children = (
				0078E60F18FA37720087786D /* StoreKit.framework */,
				00DA8B5518F10C0800C4A54D /* GameKit.framework */,
				004620B318E62BA600DAD16A /* iAd.framework */,
				0046207718E62B7000DAD16A /* Foundation.framework */,
				0046207918E62B7000DAD16A /* CoreGraphics.framework */,
				0046207B18E62B7000DAD16A /* UIKit.framework */,
				0046207D18E62B7000DAD16A /* SpriteKit.framework */,
				0046209D18E62B7100DAD16A /* XCTest.framework */,
			);
			name = Frameworks;
			sourceTree = "<group>";
		};
		0046207F18E62B7000DAD16A /* TapTheColoredTile */ = {
			isa = PBXGroup;
			children = (
				00DA8B5718F10C1600C4A54D /* TapTheColoredTile.entitlements */,
				0046208818E62B7000DAD16A /* AppDelegate.h */,
				0046208918E62B7000DAD16A /* AppDelegate.m */,
				004C159318EB947E00B58DBA /* Main.storyboard */,
				0046208E18E62B7000DAD16A /* ViewController.h */,
				0046208F18E62B7000DAD16A /* ViewController.m */,
				00B026DF18EB3F6E0058E591 /* All Scenes */,
				004620CB18E73CDF00DAD16A /* Menu Scene */,
				004620CA18E737D600DAD16A /* Game Scenes */,
				004620CC18E73CE600DAD16A /* Game Over Scene */,
				00B026DE18EB3F560058E591 /* Settings Screen */,
				0046209618E62B7000DAD16A /* Images.xcassets */,
				0046208018E62B7000DAD16A /* Supporting Files */,
			);
			name = TapTheColoredTile;
			path = RunningGame;
			sourceTree = "<group>";
		};
		0046208018E62B7000DAD16A /* Supporting Files */ = {
			isa = PBXGroup;
			children = (
				00BCE5DA18F2E670009F7816 /* ComicNeue-Light.ttf */,
				004C159518EB96CB00B58DBA /* beep.m4a */,
				004C159618EB96CC00B58DBA /* lose.m4a */,
				004C159718EB96CC00B58DBA /* tap.m4a */,
				004C159818EB96CC00B58DBA /* win.m4a */,
				0046208118E62B7000DAD16A /* TapTheColoredTile-Info.plist */,
				0046208218E62B7000DAD16A /* InfoPlist.strings */,
				0046208518E62B7000DAD16A /* main.m */,
				0046208718E62B7000DAD16A /* TapTheColoredTile-Prefix.pch */,
			);
			name = "Supporting Files";
			sourceTree = "<group>";
		};
		004620A318E62B7100DAD16A /* RunningGameTests */ = {
			isa = PBXGroup;
			children = (
				004620A918E62B7100DAD16A /* RunningGameTests.m */,
				004620A418E62B7100DAD16A /* Supporting Files */,
			);
			path = RunningGameTests;
			sourceTree = "<group>";
		};
		004620A418E62B7100DAD16A /* Supporting Files */ = {
			isa = PBXGroup;
			children = (
				004620A518E62B7100DAD16A /* TapTheColoredTileTests-Info.plist */,
				004620A618E62B7100DAD16A /* InfoPlist.strings */,
			);
			name = "Supporting Files";
			sourceTree = "<group>";
		};
		004620CA18E737D600DAD16A /* Game Scenes */ = {
			isa = PBXGroup;
			children = (
				0078E60018F980440087786D /* GameSceneBase.h */,
				0078E60118F980440087786D /* GameSceneBase.m */,
				0046209118E62B7000DAD16A /* OriginalGameModeScene.h */,
				0046209218E62B7000DAD16A /* OriginalGameModeScene.m */,
				0070C92E18F413370044E583 /* FallingTileGameModeScene.h */,
				0070C92F18F413370044E583 /* FallingTileGameModeScene.m */,
				0070C92D18F413250044E583 /* Add Ons */,
			);
			name = "Game Scenes";
			sourceTree = "<group>";
		};
		004620CB18E73CDF00DAD16A /* Menu Scene */ = {
			isa = PBXGroup;
			children = (
				004620B818E65AF600DAD16A /* MenuScene.h */,
				004620B918E65AF600DAD16A /* MenuScene.m */,
			);
			name = "Menu Scene";
			sourceTree = "<group>";
		};
		004620CC18E73CE600DAD16A /* Game Over Scene */ = {
			isa = PBXGroup;
			children = (
				0070C92718F367710044E583 /* ScoreSelectionMenu.h */,
				0070C92818F367710044E583 /* ScoreSelectionMenu.m */,
				0078E60318F9BA260087786D /* NewGameOverScene.h */,
				0078E60418F9BA260087786D /* NewGameOverScene.m */,
				0078E60C18FA32150087786D /* ScoresListNode.h */,
				0078E60D18FA32150087786D /* ScoresListNode.m */,
			);
			name = "Game Over Scene";
			sourceTree = "<group>";
		};
		0070C92D18F413250044E583 /* Add Ons */ = {
			isa = PBXGroup;
			children = (
				00CEC67418EA47E7009B7CF1 /* TutorialOverlayNode.h */,
				00CEC67518EA47E7009B7CF1 /* TutorialOverlayNode.m */,
				004620BE18E7089300DAD16A /* CountDownNode.h */,
				004620BF18E7089300DAD16A /* CountDownNode.m */,
			);
			name = "Add Ons";
			sourceTree = "<group>";
		};
		0078E60B18FA110B0087786D /* Appirater */ = {
			isa = PBXGroup;
			children = (
				009C922E18FB7464003D28FE /* Appirater.h */,
				009C922F18FB7464003D28FE /* Appirater.m */,
				009C923018FB7464003D28FE /* AppiraterDelegate.h */,
			);
			name = Appirater;
			path = ..;
			sourceTree = "<group>";
		};
		00B026DE18EB3F560058E591 /* Settings Screen */ = {
			isa = PBXGroup;
			children = (
				004C15A118EBAF2F00B58DBA /* SettingsScene.h */,
				004C15A218EBAF2F00B58DBA /* SettingsScene.m */,
			);
			name = "Settings Screen";
			sourceTree = "<group>";
		};
		00B026DF18EB3F6E0058E591 /* All Scenes */ = {
			isa = PBXGroup;
			children = (
				00DA8B5418F104F900C4A54D /* 3rd Party */,
				0078E61118FA393C0087786D /* MainSceneBaseClass.h */,
				0078E61218FA393C0087786D /* MainSceneBaseClass.m */,
				00B026DB18EB304B0058E591 /* SKButton.h */,
				00B026DC18EB304B0058E591 /* SKButton.m */,
				004620B518E62FA400DAD16A /* SKColor+Colors.h */,
				004620B618E62FA400DAD16A /* SKColor+Colors.m */,
				006C26BE18E88263006EAAB6 /* NodeAdditions.h */,
				006C26BF18E88263006EAAB6 /* NodeAdditions.m */,
				009C8C2618F0E3530034A7BE /* Globals.h */,
				009C8C2718F0E3530034A7BE /* Globals.m */,
			);
			name = "All Scenes";
			sourceTree = "<group>";
		};
		00DA8B5418F104F900C4A54D /* 3rd Party */ = {
			isa = PBXGroup;
			children = (
				0078E60B18FA110B0087786D /* Appirater */,
				00DA8B5118F104F500C4A54D /* MKiCloudSync.h */,
				00DA8B5218F104F500C4A54D /* MKiCloudSync.m */,
				00B026E018EB4A8C0058E591 /* DSMultilineLabelNode.h */,
				00B026E118EB4A8C0058E591 /* DSMultilineLabelNode.m */,
			);
			name = "3rd Party";
			sourceTree = "<group>";
		};
/* End PBXGroup section */

/* Begin PBXNativeTarget section */
		0046207318E62B7000DAD16A /* TapTheColoredTile */ = {
			isa = PBXNativeTarget;
			buildConfigurationList = 004620AD18E62B7100DAD16A /* Build configuration list for PBXNativeTarget "TapTheColoredTile" */;
			buildPhases = (
				0046207018E62B7000DAD16A /* Sources */,
				0046207118E62B7000DAD16A /* Frameworks */,
				0046207218E62B7000DAD16A /* Resources */,
			);
			buildRules = (
			);
			dependencies = (
			);
			name = TapTheColoredTile;
			productName = RunningGame;
			productReference = 0046207418E62B7000DAD16A /* TapTheColoredTile.app */;
			productType = "com.apple.product-type.application";
		};
		0046209B18E62B7100DAD16A /* TapTheColoredTileTests */ = {
			isa = PBXNativeTarget;
			buildConfigurationList = 004620B018E62B7100DAD16A /* Build configuration list for PBXNativeTarget "TapTheColoredTileTests" */;
			buildPhases = (
				0046209818E62B7100DAD16A /* Sources */,
				0046209918E62B7100DAD16A /* Frameworks */,
				0046209A18E62B7100DAD16A /* Resources */,
			);
			buildRules = (
			);
			dependencies = (
				004620A218E62B7100DAD16A /* PBXTargetDependency */,
			);
			name = TapTheColoredTileTests;
			productName = RunningGameTests;
			productReference = 0046209C18E62B7100DAD16A /* TapTheColoredTileTests.xctest */;
			productType = "com.apple.product-type.bundle.unit-test";
		};
/* End PBXNativeTarget section */

/* Begin PBXProject section */
		0046206C18E62B7000DAD16A /* Project object */ = {
			isa = PBXProject;
			attributes = {
				LastUpgradeCheck = 0510;
				ORGANIZATIONNAME = "MacCDevTeam LLC";
				TargetAttributes = {
					0046207318E62B7000DAD16A = {
						DevelopmentTeam = 43225XRA2T;
						SystemCapabilities = {
							com.apple.GameCenter = {
								enabled = 1;
							};
							com.apple.iCloud = {
								enabled = 1;
							};
						};
					};
					0046209B18E62B7100DAD16A = {
						TestTargetID = 0046207318E62B7000DAD16A;
					};
				};
			};
			buildConfigurationList = 0046206F18E62B7000DAD16A /* Build configuration list for PBXProject "TapTheColoredTile" */;
			compatibilityVersion = "Xcode 3.2";
			developmentRegion = English;
			hasScannedForEncodings = 0;
			knownRegions = (
				en,
				Base,
			);
			mainGroup = 0046206B18E62B7000DAD16A;
			productRefGroup = 0046207518E62B7000DAD16A /* Products */;
			projectDirPath = "";
			projectRoot = "";
			targets = (
				0046207318E62B7000DAD16A /* TapTheColoredTile */,
				0046209B18E62B7100DAD16A /* TapTheColoredTileTests */,
			);
		};
/* End PBXProject section */

/* Begin PBXResourcesBuildPhase section */
		0046207218E62B7000DAD16A /* Resources */ = {
			isa = PBXResourcesBuildPhase;
			buildActionMask = 2147483647;
			files = (
				0046208418E62B7000DAD16A /* InfoPlist.strings in Resources */,
				004C159E18EB996C00B58DBA /* lose.m4a in Resources */,
				004C159418EB947E00B58DBA /* Main.storyboard in Resources */,
				00BCE5DB18F2E670009F7816 /* ComicNeue-Light.ttf in Resources */,
				004C159F18EB996F00B58DBA /* tap.m4a in Resources */,
				004C15A018EB997200B58DBA /* win.m4a in Resources */,
				004C159D18EB996900B58DBA /* beep.m4a in Resources */,
				0046209718E62B7000DAD16A /* Images.xcassets in Resources */,
			);
			runOnlyForDeploymentPostprocessing = 0;
		};
		0046209A18E62B7100DAD16A /* Resources */ = {
			isa = PBXResourcesBuildPhase;
			buildActionMask = 2147483647;
			files = (
				004620A818E62B7100DAD16A /* InfoPlist.strings in Resources */,
			);
			runOnlyForDeploymentPostprocessing = 0;
		};
/* End PBXResourcesBuildPhase section */

/* Begin PBXSourcesBuildPhase section */
		0046207018E62B7000DAD16A /* Sources */ = {
			isa = PBXSourcesBuildPhase;
			buildActionMask = 2147483647;
			files = (
				00CEC67618EA47E7009B7CF1 /* TutorialOverlayNode.m in Sources */,
				0046209318E62B7000DAD16A /* OriginalGameModeScene.m in Sources */,
				0078E61318FA393C0087786D /* MainSceneBaseClass.m in Sources */,
				004620C018E7089300DAD16A /* CountDownNode.m in Sources */,
				0078E60218F980440087786D /* GameSceneBase.m in Sources */,
				0070C93018F413370044E583 /* FallingTileGameModeScene.m in Sources */,
				0078E60518F9BA260087786D /* NewGameOverScene.m in Sources */,
				0046209018E62B7000DAD16A /* ViewController.m in Sources */,
				004620B718E62FA400DAD16A /* SKColor+Colors.m in Sources */,
				0078E60E18FA32150087786D /* ScoresListNode.m in Sources */,
				00B026DD18EB304B0058E591 /* SKButton.m in Sources */,
				004620BA18E65AF600DAD16A /* MenuScene.m in Sources */,
				006C26C018E88263006EAAB6 /* NodeAdditions.m in Sources */,
				0046208A18E62B7000DAD16A /* AppDelegate.m in Sources */,
				00B026E218EB4A8C0058E591 /* DSMultilineLabelNode.m in Sources */,
				004C15A318EBAF2F00B58DBA /* SettingsScene.m in Sources */,
				0046208618E62B7000DAD16A /* main.m in Sources */,
				009C8C2818F0E3530034A7BE /* Globals.m in Sources */,
				009C923118FB7464003D28FE /* Appirater.m in Sources */,
				00DA8B5318F104F500C4A54D /* MKiCloudSync.m in Sources */,
				0070C92918F367710044E583 /* ScoreSelectionMenu.m in Sources */,
			);
			runOnlyForDeploymentPostprocessing = 0;
		};
		0046209818E62B7100DAD16A /* Sources */ = {
			isa = PBXSourcesBuildPhase;
			buildActionMask = 2147483647;
			files = (
				004620AA18E62B7100DAD16A /* RunningGameTests.m in Sources */,
			);
			runOnlyForDeploymentPostprocessing = 0;
		};
/* End PBXSourcesBuildPhase section */

/* Begin PBXTargetDependency section */
		004620A218E62B7100DAD16A /* PBXTargetDependency */ = {
			isa = PBXTargetDependency;
			target = 0046207318E62B7000DAD16A /* TapTheColoredTile */;
			targetProxy = 004620A118E62B7100DAD16A /* PBXContainerItemProxy */;
		};
/* End PBXTargetDependency section */

/* Begin PBXVariantGroup section */
		0046208218E62B7000DAD16A /* InfoPlist.strings */ = {
			isa = PBXVariantGroup;
			children = (
				0046208318E62B7000DAD16A /* en */,
			);
			name = InfoPlist.strings;
			sourceTree = "<group>";
		};
		004620A618E62B7100DAD16A /* InfoPlist.strings */ = {
			isa = PBXVariantGroup;
			children = (
				004620A718E62B7100DAD16A /* en */,
			);
			name = InfoPlist.strings;
			sourceTree = "<group>";
		};
/* End PBXVariantGroup section */

/* Begin XCBuildConfiguration section */
		004620AB18E62B7100DAD16A /* Debug */ = {
			isa = XCBuildConfiguration;
			buildSettings = {
				ALWAYS_SEARCH_USER_PATHS = NO;
				CLANG_CXX_LANGUAGE_STANDARD = "gnu++0x";
				CLANG_CXX_LIBRARY = "libc++";
				CLANG_ENABLE_MODULES = YES;
				CLANG_ENABLE_OBJC_ARC = YES;
				CLANG_WARN_BOOL_CONVERSION = YES;
				CLANG_WARN_CONSTANT_CONVERSION = YES;
				CLANG_WARN_DIRECT_OBJC_ISA_USAGE = YES_ERROR;
				CLANG_WARN_EMPTY_BODY = YES;
				CLANG_WARN_ENUM_CONVERSION = YES;
				CLANG_WARN_INT_CONVERSION = YES;
				CLANG_WARN_OBJC_ROOT_CLASS = YES_ERROR;
				CLANG_WARN__DUPLICATE_METHOD_MATCH = YES;
				"CODE_SIGN_IDENTITY[sdk=iphoneos*]" = "iPhone Developer";
				COPY_PHASE_STRIP = NO;
				GCC_C_LANGUAGE_STANDARD = gnu99;
				GCC_DYNAMIC_NO_PIC = NO;
				GCC_OPTIMIZATION_LEVEL = 0;
				GCC_PREPROCESSOR_DEFINITIONS = (
					"DEBUG=1",
					"$(inherited)",
				);
				GCC_SYMBOLS_PRIVATE_EXTERN = NO;
				GCC_WARN_64_TO_32_BIT_CONVERSION = YES;
				GCC_WARN_ABOUT_RETURN_TYPE = YES_ERROR;
				GCC_WARN_UNDECLARED_SELECTOR = YES;
				GCC_WARN_UNINITIALIZED_AUTOS = YES_AGGRESSIVE;
				GCC_WARN_UNUSED_FUNCTION = YES;
				GCC_WARN_UNUSED_VARIABLE = YES;
				IPHONEOS_DEPLOYMENT_TARGET = 7.1;
				ONLY_ACTIVE_ARCH = YES;
				SDKROOT = iphoneos;
			};
			name = Debug;
		};
		004620AC18E62B7100DAD16A /* Release */ = {
			isa = XCBuildConfiguration;
			buildSettings = {
				ALWAYS_SEARCH_USER_PATHS = NO;
				CLANG_CXX_LANGUAGE_STANDARD = "gnu++0x";
				CLANG_CXX_LIBRARY = "libc++";
				CLANG_ENABLE_MODULES = YES;
				CLANG_ENABLE_OBJC_ARC = YES;
				CLANG_WARN_BOOL_CONVERSION = YES;
				CLANG_WARN_CONSTANT_CONVERSION = YES;
				CLANG_WARN_DIRECT_OBJC_ISA_USAGE = YES_ERROR;
				CLANG_WARN_EMPTY_BODY = YES;
				CLANG_WARN_ENUM_CONVERSION = YES;
				CLANG_WARN_INT_CONVERSION = YES;
				CLANG_WARN_OBJC_ROOT_CLASS = YES_ERROR;
				CLANG_WARN__DUPLICATE_METHOD_MATCH = YES;
				"CODE_SIGN_IDENTITY[sdk=iphoneos*]" = "iPhone Developer";
				COPY_PHASE_STRIP = YES;
				ENABLE_NS_ASSERTIONS = NO;
				GCC_C_LANGUAGE_STANDARD = gnu99;
				GCC_WARN_64_TO_32_BIT_CONVERSION = YES;
				GCC_WARN_ABOUT_RETURN_TYPE = YES_ERROR;
				GCC_WARN_UNDECLARED_SELECTOR = YES;
				GCC_WARN_UNINITIALIZED_AUTOS = YES_AGGRESSIVE;
				GCC_WARN_UNUSED_FUNCTION = YES;
				GCC_WARN_UNUSED_VARIABLE = YES;
				IPHONEOS_DEPLOYMENT_TARGET = 7.1;
				SDKROOT = iphoneos;
				VALIDATE_PRODUCT = YES;
			};
			name = Release;
		};
		004620AE18E62B7100DAD16A /* Debug */ = {
			isa = XCBuildConfiguration;
			buildSettings = {
				ASSETCATALOG_COMPILER_APPICON_NAME = AppIcon;
				ASSETCATALOG_COMPILER_LAUNCHIMAGE_NAME = LaunchImage;
				CLANG_ANALYZER_SECURITY_FLOATLOOPCOUNTER = NO;
				CODE_SIGN_ENTITLEMENTS = TapTheColoredTile.entitlements;
				CODE_SIGN_IDENTITY = "iPhone Developer";
				"CODE_SIGN_IDENTITY[sdk=iphoneos*]" = "iPhone Developer";
				GCC_OPTIMIZATION_LEVEL = fast;
				GCC_PRECOMPILE_PREFIX_HEADER = YES;
				GCC_PREFIX_HEADER = "RunningGame/TapTheColoredTile-Prefix.pch";
				INFOPLIST_FILE = "RunningGame/TapTheColoredTile-Info.plist";
				IPHONEOS_DEPLOYMENT_TARGET = 7.0;
				PRODUCT_NAME = TapTheColoredTile;
				PROVISIONING_PROFILE = "";
				SPRITEKIT_TEXTURE_ATLAS_OUTPUT = YES;
				WRAPPER_EXTENSION = app;
			};
			name = Debug;
		};
		004620AF18E62B7100DAD16A /* Release */ = {
			isa = XCBuildConfiguration;
			buildSettings = {
				ASSETCATALOG_COMPILER_APPICON_NAME = AppIcon;
				ASSETCATALOG_COMPILER_LAUNCHIMAGE_NAME = LaunchImage;
				CLANG_ANALYZER_SECURITY_FLOATLOOPCOUNTER = NO;
				CODE_SIGN_ENTITLEMENTS = TapTheColoredTile.entitlements;
				CODE_SIGN_IDENTITY = "iPhone Developer";
				"CODE_SIGN_IDENTITY[sdk=iphoneos*]" = "iPhone Developer";
				GCC_OPTIMIZATION_LEVEL = fast;
				GCC_PRECOMPILE_PREFIX_HEADER = YES;
				GCC_PREFIX_HEADER = "RunningGame/TapTheColoredTile-Prefix.pch";
				INFOPLIST_FILE = "RunningGame/TapTheColoredTile-Info.plist";
				IPHONEOS_DEPLOYMENT_TARGET = 7.0;
				PRODUCT_NAME = TapTheColoredTile;
				PROVISIONING_PROFILE = "";
				SPRITEKIT_TEXTURE_ATLAS_OUTPUT = YES;
				WRAPPER_EXTENSION = app;
			};
			name = Release;
		};
		004620B118E62B7100DAD16A /* Debug */ = {
			isa = XCBuildConfiguration;
			buildSettings = {
				BUNDLE_LOADER = "$(BUILT_PRODUCTS_DIR)/RunningGame.app/RunningGame";
				FRAMEWORK_SEARCH_PATHS = (
					"$(SDKROOT)/Developer/Library/Frameworks",
					"$(inherited)",
					"$(DEVELOPER_FRAMEWORKS_DIR)",
				);
				GCC_PRECOMPILE_PREFIX_HEADER = YES;
				GCC_PREFIX_HEADER = "RunningGame/RunningGame-Prefix.pch";
				GCC_PREPROCESSOR_DEFINITIONS = (
					"DEBUG=1",
					"$(inherited)",
				);
				INFOPLIST_FILE = "RunningGameTests/TapTheColoredTileTests-Info.plist";
				PRODUCT_NAME = TapTheColoredTileTests;
				TEST_HOST = "$(BUNDLE_LOADER)";
				WRAPPER_EXTENSION = xctest;
			};
			name = Debug;
		};
		004620B218E62B7100DAD16A /* Release */ = {
			isa = XCBuildConfiguration;
			buildSettings = {
				BUNDLE_LOADER = "$(BUILT_PRODUCTS_DIR)/RunningGame.app/RunningGame";
				FRAMEWORK_SEARCH_PATHS = (
					"$(SDKROOT)/Developer/Library/Frameworks",
					"$(inherited)",
					"$(DEVELOPER_FRAMEWORKS_DIR)",
				);
				GCC_PRECOMPILE_PREFIX_HEADER = YES;
				GCC_PREFIX_HEADER = "RunningGame/RunningGame-Prefix.pch";
				INFOPLIST_FILE = "RunningGameTests/TapTheColoredTileTests-Info.plist";
				PRODUCT_NAME = TapTheColoredTileTests;
				TEST_HOST = "$(BUNDLE_LOADER)";
				WRAPPER_EXTENSION = xctest;
			};
			name = Release;
		};
/* End XCBuildConfiguration section */

/* Begin XCConfigurationList section */
		0046206F18E62B7000DAD16A /* Build configuration list for PBXProject "TapTheColoredTile" */ = {
			isa = XCConfigurationList;
			buildConfigurations = (
				004620AB18E62B7100DAD16A /* Debug */,
				004620AC18E62B7100DAD16A /* Release */,
			);
			defaultConfigurationIsVisible = 0;
			defaultConfigurationName = Release;
		};
		004620AD18E62B7100DAD16A /* Build configuration list for PBXNativeTarget "TapTheColoredTile" */ = {
			isa = XCConfigurationList;
			buildConfigurations = (
				004620AE18E62B7100DAD16A /* Debug */,
				004620AF18E62B7100DAD16A /* Release */,
			);
			defaultConfigurationIsVisible = 0;
			defaultConfigurationName = Release;
		};
		004620B018E62B7100DAD16A /* Build configuration list for PBXNativeTarget "TapTheColoredTileTests" */ = {
			isa = XCConfigurationList;
			buildConfigurations = (
				004620B118E62B7100DAD16A /* Debug */,
				004620B218E62B7100DAD16A /* Release */,
			);
			defaultConfigurationIsVisible = 0;
			defaultConfigurationName = Release;
		};
/* End XCConfigurationList section */
	};
	rootObject = 0046206C18E62B7000DAD16A /* Project object */;
}
